
Microsoft Visual Studio Solution File, Format Version 12.00
# Visual Studio 15
VisualStudioVersion = 15.0.28307.539
MinimumVisualStudioVersion = 10.0.40219.1
Project("{8BC9CEB8-8B4A-11D0-8D11-00A0C91BC942}") = "findMaxNumber", "findMaxNumber\findMaxNumber.vcxproj", "{CD29E28F-E4F6-4F9C-B442-F46C5C9F3DBC}"
EndProject
Global
	GlobalSection(SolutionConfigurationPlatforms) = preSolution
		Debug|x64 = Debug|x64
		Debug|x86 = Debug|x86
		Release|x64 = Release|x64
		Release|x86 = Release|x86
	EndGlobalSection
	GlobalSection(ProjectConfigurationPlatforms) = postSolution
		{CD29E28F-E4F6-4F9C-B442-F46C5C9F3DBC}.Debug|x64.ActiveCfg = Debug|x64
		{CD29E28F-E4F6-4F9C-B442-F46C5C9F3DBC}.Debug|x64.Build.0 = Debug|x64
		{CD29E28F-E4F6-4F9C-B442-F46C5C9F3DBC}.Debug|x86.ActiveCfg = Debug|Win32
		{CD29E28F-E4F6-4F9C-B442-F46C5C9F3DBC}.Debug|x86.Build.0 = Debug|Win32
		{CD29E28F-E4F6-4F9C-B442-F46C5C9F3DBC}.Release|x64.ActiveCfg = Release|x64
		{CD29E28F-E4F6-4F9C-B442-F46C5C9F3DBC}.Release|x64.Build.0 = Release|x64
		{CD29E28F-E4F6-4F9C-B442-F46C5C9F3DBC}.Release|x86.ActiveCfg = Release|Win32
		{CD29E28F-E4F6-4F9C-B442-F46C5C9F3DBC}.Release|x86.Build.0 = Release|Win32
	EndGlobalSection
	GlobalSection(SolutionProperties) = preSolution
		HideSolutionNode = FALSE
	EndGlobalSection
	GlobalSection(ExtensibilityGlobals) = postSolution
		SolutionGuid = {45FB1CA0-AE8C-459F-A2DE-8494A9066DB7}
	EndGlobalSection
EndGlobal
